
Microsoft Visual Studio Solution File, Format Version 12.00
# Visual Studio Version 16
VisualStudioVersion = 16.0.32106.194
MinimumVisualStudioVersion = 10.0.40219.1
Project("{FAE04EC0-301F-11D3-BF4B-00C04F79EFBC}") = "eTickets", "eTickets\eTickets.csproj", "{6869E943-E0FB-40FB-9430-108DC839908C}"
EndProject
Global
	GlobalSection(SolutionConfigurationPlatforms) = preSolution
		Debug|Any CPU = Debug|Any CPU
		Release|Any CPU = Release|Any CPU
	EndGlobalSection
	GlobalSection(ProjectConfigurationPlatforms) = postSolution
		{6869E943-E0FB-40FB-9430-108DC839908C}.Debug|Any CPU.ActiveCfg = Debug|Any CPU
		{6869E943-E0FB-40FB-9430-108DC839908C}.Debug|Any CPU.Build.0 = Debug|Any CPU
		{6869E943-E0FB-40FB-9430-108DC839908C}.Release|Any CPU.ActiveCfg = Release|Any CPU
		{6869E943-E0FB-40FB-9430-108DC839908C}.Release|Any CPU.Build.0 = Release|Any CPU
	EndGlobalSection
	GlobalSection(SolutionProperties) = preSolution
		HideSolutionNode = FALSE
	EndGlobalSection
	GlobalSection(ExtensibilityGlobals) = postSolution
		SolutionGuid = {E0A55B2F-099D-4D86-A2F3-7F0AB55B0900}
	EndGlobalSection
EndGlobal
